// !$*UTF8*$!
{
	archiveVersion = 1;
	classes = {
	};
	objectVersion = 46;
	objects = {

/* Begin PBXBuildFile section */
		D50FF8F9171E669A00EFE78F /* UserType.m in Sources */ = {isa = PBXBuildFile; fileRef = D50FF8F8171E669A00EFE78F /* UserType.m */; };
		D50FF914171E69E400EFE78F /* OccupationType.m in Sources */ = {isa = PBXBuildFile; fileRef = D50FF913171E69E400EFE78F /* OccupationType.m */; };
		D50FF917171E69E400EFE78F /* GuardianStatus.m in Sources */ = {isa = PBXBuildFile; fileRef = D50FF916171E69E400EFE78F /* GuardianStatus.m */; };
		DC274F331726EAEE008F093C /* MobileCoreServices.framework in Frameworks */ = {isa = PBXBuildFile; fileRef = DC274F321726EAEE008F093C /* MobileCoreServices.framework */; };
		DC65348C17178F0400785378 /* VisionTrustLogo.jpg in Resources */ = {isa = PBXBuildFile; fileRef = DC65348B17178F0400785378 /* VisionTrustLogo.jpg */; };
		DC65349817179CF900785378 /* LoginViewController.m in Sources */ = {isa = PBXBuildFile; fileRef = DC65349717179CF900785378 /* LoginViewController.m */; };
		DC6534B31718607B00785378 /* User+SetupUser.m in Sources */ = {isa = PBXBuildFile; fileRef = DC6534B21718607B00785378 /* User+SetupUser.m */; };
		DC6534B6171868DB00785378 /* CoreData.framework in Frameworks */ = {isa = PBXBuildFile; fileRef = DC6534B5171868DB00785378 /* CoreData.framework */; };
		DC6534B91719D2CA00785378 /* HomeViewController.m in Sources */ = {isa = PBXBuildFile; fileRef = DC6534B81719D2CA00785378 /* HomeViewController.m */; };
		DC6534BF171A3C5000785378 /* LoginModel.xcdatamodeld in Sources */ = {isa = PBXBuildFile; fileRef = DC6534BD171A3C5000785378 /* LoginModel.xcdatamodeld */; };
		DC6534C2171A3D1200785378 /* User.m in Sources */ = {isa = PBXBuildFile; fileRef = DC6534C1171A3D1200785378 /* User.m */; };
		DC6534C4171A6ACD00785378 /* signup.jpeg in Resources */ = {isa = PBXBuildFile; fileRef = DC6534C3171A6ACD00785378 /* signup.jpeg */; };
		DC6534C7171B04F800785378 /* Cell.m in Sources */ = {isa = PBXBuildFile; fileRef = DC6534C6171B04F800785378 /* Cell.m */; };
		DC6534C9171B08E900785378 /* profile.jpeg in Resources */ = {isa = PBXBuildFile; fileRef = DC6534C8171B08E900785378 /* profile.jpeg */; };
		DC6534CB171B0C5B00785378 /* update.jpeg in Resources */ = {isa = PBXBuildFile; fileRef = DC6534CA171B0C5B00785378 /* update.jpeg */; };
		DC6534CD171B0D5300785378 /* departure.jpeg in Resources */ = {isa = PBXBuildFile; fileRef = DC6534CC171B0D5300785378 /* departure.jpeg */; };
		DC6534D0171B168400785378 /* CustomCellBackground.m in Sources */ = {isa = PBXBuildFile; fileRef = DC6534CF171B168400785378 /* CustomCellBackground.m */; };
		DC6534DF171B63B100785378 /* Child+SetupChild.m in Sources */ = {isa = PBXBuildFile; fileRef = DC6534DE171B63B000785378 /* Child+SetupChild.m */; };
		DC6534E1171B68B500785378 /* child.jpeg in Resources */ = {isa = PBXBuildFile; fileRef = DC6534E0171B68B500785378 /* child.jpeg */; };
		DC6534E7171B8DAC00785378 /* CustomSearchCell.m in Sources */ = {isa = PBXBuildFile; fileRef = DC6534E6171B8DAB00785378 /* CustomSearchCell.m */; };
		DC6534EA171CC57D00785378 /* AdvancedSearchViewController.m in Sources */ = {isa = PBXBuildFile; fileRef = DC6534E9171CC57D00785378 /* AdvancedSearchViewController.m */; };
		DC6534EC171CCB1A00785378 /* QuartzCore.framework in Frameworks */ = {isa = PBXBuildFile; fileRef = DC6534EB171CCB1900785378 /* QuartzCore.framework */; };
		DC8BF777172CA75700F31B94 /* HealthViewController.m in Sources */ = {isa = PBXBuildFile; fileRef = DC8BF776172CA75700F31B94 /* HealthViewController.m */; };
		DC8BF77A172CB04000F31B94 /* SpiritualViewController.m in Sources */ = {isa = PBXBuildFile; fileRef = DC8BF779172CB03F00F31B94 /* SpiritualViewController.m */; };
		DC8BF783172CBD1900F31B94 /* HomeLifeViewController.m in Sources */ = {isa = PBXBuildFile; fileRef = DC8BF782172CBD1900F31B94 /* HomeLifeViewController.m */; };
		DC8BF789172CBF3F00F31B94 /* Interactions.m in Sources */ = {isa = PBXBuildFile; fileRef = DC8BF788172CBF3F00F31B94 /* Interactions.m */; };
		DC8BF78C172CC03800F31B94 /* Update.m in Sources */ = {isa = PBXBuildFile; fileRef = DC8BF78B172CC03800F31B94 /* Update.m */; };
		DC8BF78F172D7C6800F31B94 /* ViewUpdateViewController.m in Sources */ = {isa = PBXBuildFile; fileRef = DC8BF78E172D7C6700F31B94 /* ViewUpdateViewController.m */; };
		DC9205CB172037B70087B1C3 /* VisionTrustDatabase.m in Sources */ = {isa = PBXBuildFile; fileRef = DC9205CA172037B70087B1C3 /* VisionTrustDatabase.m */; };
		DC9EA8C117231E3400C3137D /* GuardianViewController.m in Sources */ = {isa = PBXBuildFile; fileRef = DC9EA8C017231E3400C3137D /* GuardianViewController.m */; };
		DC9EA8CA1723222900C3137D /* GuardianStatus+SetuptGuardianStatus.m in Sources */ = {isa = PBXBuildFile; fileRef = DC9EA8C91723222900C3137D /* GuardianStatus+SetuptGuardianStatus.m */; };
		DC9EA8CD1723224100C3137D /* OccupationType+SetupOccupationType.m in Sources */ = {isa = PBXBuildFile; fileRef = DC9EA8CC1723224100C3137D /* OccupationType+SetupOccupationType.m */; };
		DC9EA8D917233B7100C3137D /* AllChildrenViewController.m in Sources */ = {isa = PBXBuildFile; fileRef = DC9EA8D817233B7100C3137D /* AllChildrenViewController.m */; };
		DC9EA8DD17234D8900C3137D /* RegisterGuardianViewController.m in Sources */ = {isa = PBXBuildFile; fileRef = DC9EA8DC17234D8900C3137D /* RegisterGuardianViewController.m */; };
		DC9EA8E01723507900C3137D /* InputDataViewController.m in Sources */ = {isa = PBXBuildFile; fileRef = DC9EA8DF1723507800C3137D /* InputDataViewController.m */; };
		DC9EA8E61724BA2200C3137D /* UpdateAcademicViewController.m in Sources */ = {isa = PBXBuildFile; fileRef = DC9EA8E51724BA2100C3137D /* UpdateAcademicViewController.m */; };
		DC9EA8EC172593C400C3137D /* RegisterHealthViewController.m in Sources */ = {isa = PBXBuildFile; fileRef = DC9EA8EB172593C400C3137D /* RegisterHealthViewController.m */; };
		DCCB62531728B5AE00395C59 /* Interactions+SetupInteraction.m in Sources */ = {isa = PBXBuildFile; fileRef = DCCB62521728B5AE00395C59 /* Interactions+SetupInteraction.m */; };
		DCE80B66171784E700A0FE35 /* UIKit.framework in Frameworks */ = {isa = PBXBuildFile; fileRef = DCE80B65171784E700A0FE35 /* UIKit.framework */; };
		DCE80B68171784E700A0FE35 /* Foundation.framework in Frameworks */ = {isa = PBXBuildFile; fileRef = DCE80B67171784E700A0FE35 /* Foundation.framework */; };
		DCE80B6A171784E700A0FE35 /* CoreGraphics.framework in Frameworks */ = {isa = PBXBuildFile; fileRef = DCE80B69171784E700A0FE35 /* CoreGraphics.framework */; };
		DCE80B70171784E700A0FE35 /* InfoPlist.strings in Resources */ = {isa = PBXBuildFile; fileRef = DCE80B6E171784E700A0FE35 /* InfoPlist.strings */; };
		DCE80B72171784E700A0FE35 /* main.m in Sources */ = {isa = PBXBuildFile; fileRef = DCE80B71171784E700A0FE35 /* main.m */; };
		DCE80B76171784E700A0FE35 /* AppDelegate.m in Sources */ = {isa = PBXBuildFile; fileRef = DCE80B75171784E700A0FE35 /* AppDelegate.m */; };
		DCE80B78171784E700A0FE35 /* Default.png in Resources */ = {isa = PBXBuildFile; fileRef = DCE80B77171784E700A0FE35 /* Default.png */; };
		DCE80B7A171784E700A0FE35 /* Default@2x.png in Resources */ = {isa = PBXBuildFile; fileRef = DCE80B79171784E700A0FE35 /* Default@2x.png */; };
		DCE80B7C171784E700A0FE35 /* Default-568h@2x.png in Resources */ = {isa = PBXBuildFile; fileRef = DCE80B7B171784E700A0FE35 /* Default-568h@2x.png */; };
		DCE80B7F171784E700A0FE35 /* MainStoryboard_iPhone.storyboard in Resources */ = {isa = PBXBuildFile; fileRef = DCE80B7D171784E700A0FE35 /* MainStoryboard_iPhone.storyboard */; };
		DCE80B82171784E700A0FE35 /* MainStoryboard_iPad.storyboard in Resources */ = {isa = PBXBuildFile; fileRef = DCE80B80171784E700A0FE35 /* MainStoryboard_iPad.storyboard */; };
		DCF1F97217298CDB0094E25D /* Child.m in Sources */ = {isa = PBXBuildFile; fileRef = DCF1F97117298CDB0094E25D /* Child.m */; };
		DCF1F97517298E410094E25D /* Guardian.m in Sources */ = {isa = PBXBuildFile; fileRef = DCF1F97417298E410094E25D /* Guardian.m */; };
		DCF1F97817298EEF0094E25D /* Project.m in Sources */ = {isa = PBXBuildFile; fileRef = DCF1F97717298EEF0094E25D /* Project.m */; };
		DCF1F97E17299DA70094E25D /* UpdateViewController.m in Sources */ = {isa = PBXBuildFile; fileRef = DCF1F97D17299DA70094E25D /* UpdateViewController.m */; };
		DCF1F9811729A6950094E25D /* UpdateListViewController.m in Sources */ = {isa = PBXBuildFile; fileRef = DCF1F9801729A6950094E25D /* UpdateListViewController.m */; };
		DCF49DF11729CC7D0076830E /* UpdateOptions.m in Sources */ = {isa = PBXBuildFile; fileRef = DCF49DF01729CC7D0076830E /* UpdateOptions.m */; };
		DCF49DF41729CC7D0076830E /* OptionCategories.m in Sources */ = {isa = PBXBuildFile; fileRef = DCF49DF31729CC7D0076830E /* OptionCategories.m */; };
		DCF49DF71729CD900076830E /* Update+SetupUpdate.m in Sources */ = {isa = PBXBuildFile; fileRef = DCF49DF61729CD900076830E /* Update+SetupUpdate.m */; };
		DCF49DFA1729CE5A0076830E /* UpdateOptions+SetupOptions.m in Sources */ = {isa = PBXBuildFile; fileRef = DCF49DF91729CE5A0076830E /* UpdateOptions+SetupOptions.m */; };
		DCF49DFD1729CF870076830E /* OptionCategories+SetupCategories.m in Sources */ = {isa = PBXBuildFile; fileRef = DCF49DFC1729CF870076830E /* OptionCategories+SetupCategories.m */; };
		DCF49E00172A04AA0076830E /* UpdateSpiritualViewController.m in Sources */ = {isa = PBXBuildFile; fileRef = DCF49DFF172A04A90076830E /* UpdateSpiritualViewController.m */; };
		DCF49E03172A17F20076830E /* UpdateHomeLifeViewController.m in Sources */ = {isa = PBXBuildFile; fileRef = DCF49E02172A17F20076830E /* UpdateHomeLifeViewController.m */; };
		DCF49E06172A1BAA0076830E /* UpdateOptionsViewController.m in Sources */ = {isa = PBXBuildFile; fileRef = DCF49E05172A1BAA0076830E /* UpdateOptionsViewController.m */; };
		DCF49E15172B6CE40076830E /* AcademicViewController.m in Sources */ = {isa = PBXBuildFile; fileRef = DCF49E14172B6CE30076830E /* AcademicViewController.m */; };
		DCFB73D817276CFB009DDCA8 /* SearchTableViewController.m in Sources */ = {isa = PBXBuildFile; fileRef = DCAA152F1727465B00470392 /* SearchTableViewController.m */; };
		DCFB73D917276D04009DDCA8 /* Guardian+SetupGuardian.m in Sources */ = {isa = PBXBuildFile; fileRef = DCAA15311727468500470392 /* Guardian+SetupGuardian.m */; };
		DCFC84061721A3F5003862D5 /* Project+SetupProject.m in Sources */ = {isa = PBXBuildFile; fileRef = DCFC84051721A3F5003862D5 /* Project+SetupProject.m */; };
		DCFC840F17220CC3003862D5 /* PersonalViewController.m in Sources */ = {isa = PBXBuildFile; fileRef = DCFC840E17220CC3003862D5 /* PersonalViewController.m */; };
		DCFC8412172225BF003862D5 /* RegisterChildViewController.m in Sources */ = {isa = PBXBuildFile; fileRef = DCFC8411172225BE003862D5 /* RegisterChildViewController.m */; };
/* End PBXBuildFile section */

/* Begin PBXFileReference section */
		D50FF8F7171E669A00EFE78F /* UserType.h */ = {isa = PBXFileReference; fileEncoding = 4; lastKnownFileType = sourcecode.c.h; path = UserType.h; sourceTree = "<group>"; };
		D50FF8F8171E669A00EFE78F /* UserType.m */ = {isa = PBXFileReference; fileEncoding = 4; lastKnownFileType = sourcecode.c.objc; path = UserType.m; sourceTree = "<group>"; };
		D50FF912171E69E400EFE78F /* OccupationType.h */ = {isa = PBXFileReference; fileEncoding = 4; lastKnownFileType = sourcecode.c.h; path = OccupationType.h; sourceTree = "<group>"; };
		D50FF913171E69E400EFE78F /* OccupationType.m */ = {isa = PBXFileReference; fileEncoding = 4; lastKnownFileType = sourcecode.c.objc; path = OccupationType.m; sourceTree = "<group>"; };
		D50FF915171E69E400EFE78F /* GuardianStatus.h */ = {isa = PBXFileReference; fileEncoding = 4; lastKnownFileType = sourcecode.c.h; path = GuardianStatus.h; sourceTree = "<group>"; };
		D50FF916171E69E400EFE78F /* GuardianStatus.m */ = {isa = PBXFileReference; fileEncoding = 4; lastKnownFileType = sourcecode.c.objc; path = GuardianStatus.m; sourceTree = "<group>"; };
		DC274F321726EAEE008F093C /* MobileCoreServices.framework */ = {isa = PBXFileReference; lastKnownFileType = wrapper.framework; name = MobileCoreServices.framework; path = System/Library/Frameworks/MobileCoreServices.framework; sourceTree = SDKROOT; };
		DC65348B17178F0400785378 /* VisionTrustLogo.jpg */ = {isa = PBXFileReference; lastKnownFileType = image.jpeg; path = VisionTrustLogo.jpg; sourceTree = "<group>"; };
		DC65349617179CF900785378 /* LoginViewController.h */ = {isa = PBXFileReference; fileEncoding = 4; lastKnownFileType = sourcecode.c.h; path = LoginViewController.h; sourceTree = "<group>"; };
		DC65349717179CF900785378 /* LoginViewController.m */ = {isa = PBXFileReference; fileEncoding = 4; lastKnownFileType = sourcecode.c.objc; path = LoginViewController.m; sourceTree = "<group>"; };
		DC6534B11718607B00785378 /* User+SetupUser.h */ = {isa = PBXFileReference; fileEncoding = 4; lastKnownFileType = sourcecode.c.h; path = "User+SetupUser.h"; sourceTree = "<group>"; };
		DC6534B21718607B00785378 /* User+SetupUser.m */ = {isa = PBXFileReference; fileEncoding = 4; lastKnownFileType = sourcecode.c.objc; path = "User+SetupUser.m"; sourceTree = "<group>"; };
		DC6534B5171868DB00785378 /* CoreData.framework */ = {isa = PBXFileReference; lastKnownFileType = wrapper.framework; name = CoreData.framework; path = System/Library/Frameworks/CoreData.framework; sourceTree = SDKROOT; };
		DC6534B71719D2CA00785378 /* HomeViewController.h */ = {isa = PBXFileReference; fileEncoding = 4; lastKnownFileType = sourcecode.c.h; path = HomeViewController.h; sourceTree = "<group>"; };
		DC6534B81719D2CA00785378 /* HomeViewController.m */ = {isa = PBXFileReference; fileEncoding = 4; lastKnownFileType = sourcecode.c.objc; path = HomeViewController.m; sourceTree = "<group>"; };
		DC6534BE171A3C5000785378 /* LoginModel.xcdatamodel */ = {isa = PBXFileReference; lastKnownFileType = wrapper.xcdatamodel; path = LoginModel.xcdatamodel; sourceTree = "<group>"; };
		DC6534C0171A3D1200785378 /* User.h */ = {isa = PBXFileReference; fileEncoding = 4; lastKnownFileType = sourcecode.c.h; path = User.h; sourceTree = "<group>"; };
		DC6534C1171A3D1200785378 /* User.m */ = {isa = PBXFileReference; fileEncoding = 4; lastKnownFileType = sourcecode.c.objc; path = User.m; sourceTree = "<group>"; };
		DC6534C3171A6ACD00785378 /* signup.jpeg */ = {isa = PBXFileReference; lastKnownFileType = image.jpeg; path = signup.jpeg; sourceTree = "<group>"; };
		DC6534C5171B04F700785378 /* Cell.h */ = {isa = PBXFileReference; fileEncoding = 4; lastKnownFileType = sourcecode.c.h; path = Cell.h; sourceTree = "<group>"; };
		DC6534C6171B04F800785378 /* Cell.m */ = {isa = PBXFileReference; fileEncoding = 4; lastKnownFileType = sourcecode.c.objc; path = Cell.m; sourceTree = "<group>"; };
		DC6534C8171B08E900785378 /* profile.jpeg */ = {isa = PBXFileReference; lastKnownFileType = image.jpeg; path = profile.jpeg; sourceTree = "<group>"; };
		DC6534CA171B0C5B00785378 /* update.jpeg */ = {isa = PBXFileReference; lastKnownFileType = image.jpeg; path = update.jpeg; sourceTree = "<group>"; };
		DC6534CC171B0D5300785378 /* departure.jpeg */ = {isa = PBXFileReference; lastKnownFileType = image.jpeg; path = departure.jpeg; sourceTree = "<group>"; };
		DC6534CE171B168400785378 /* CustomCellBackground.h */ = {isa = PBXFileReference; fileEncoding = 4; lastKnownFileType = sourcecode.c.h; path = CustomCellBackground.h; sourceTree = "<group>"; };
		DC6534CF171B168400785378 /* CustomCellBackground.m */ = {isa = PBXFileReference; fileEncoding = 4; lastKnownFileType = sourcecode.c.objc; path = CustomCellBackground.m; sourceTree = "<group>"; };
		DC6534DD171B63B000785378 /* Child+SetupChild.h */ = {isa = PBXFileReference; fileEncoding = 4; lastKnownFileType = sourcecode.c.h; path = "Child+SetupChild.h"; sourceTree = "<group>"; };
		DC6534DE171B63B000785378 /* Child+SetupChild.m */ = {isa = PBXFileReference; fileEncoding = 4; lastKnownFileType = sourcecode.c.objc; path = "Child+SetupChild.m"; sourceTree = "<group>"; };
		DC6534E0171B68B500785378 /* child.jpeg */ = {isa = PBXFileReference; lastKnownFileType = image.jpeg; path = child.jpeg; sourceTree = "<group>"; };
		DC6534E5171B8DAB00785378 /* CustomSearchCell.h */ = {isa = PBXFileReference; fileEncoding = 4; lastKnownFileType = sourcecode.c.h; path = CustomSearchCell.h; sourceTree = "<group>"; };
		DC6534E6171B8DAB00785378 /* CustomSearchCell.m */ = {isa = PBXFileReference; fileEncoding = 4; lastKnownFileType = sourcecode.c.objc; path = CustomSearchCell.m; sourceTree = "<group>"; };
		DC6534E8171CC57D00785378 /* AdvancedSearchViewController.h */ = {isa = PBXFileReference; fileEncoding = 4; lastKnownFileType = sourcecode.c.h; path = AdvancedSearchViewController.h; sourceTree = "<group>"; };
		DC6534E9171CC57D00785378 /* AdvancedSearchViewController.m */ = {isa = PBXFileReference; fileEncoding = 4; lastKnownFileType = sourcecode.c.objc; path = AdvancedSearchViewController.m; sourceTree = "<group>"; };
		DC6534EB171CCB1900785378 /* QuartzCore.framework */ = {isa = PBXFileReference; lastKnownFileType = wrapper.framework; name = QuartzCore.framework; path = System/Library/Frameworks/QuartzCore.framework; sourceTree = SDKROOT; };
		DC8BF775172CA75700F31B94 /* HealthViewController.h */ = {isa = PBXFileReference; fileEncoding = 4; lastKnownFileType = sourcecode.c.h; path = HealthViewController.h; sourceTree = "<group>"; };
		DC8BF776172CA75700F31B94 /* HealthViewController.m */ = {isa = PBXFileReference; fileEncoding = 4; lastKnownFileType = sourcecode.c.objc; path = HealthViewController.m; sourceTree = "<group>"; };
		DC8BF778172CB03F00F31B94 /* SpiritualViewController.h */ = {isa = PBXFileReference; fileEncoding = 4; lastKnownFileType = sourcecode.c.h; path = SpiritualViewController.h; sourceTree = "<group>"; };
		DC8BF779172CB03F00F31B94 /* SpiritualViewController.m */ = {isa = PBXFileReference; fileEncoding = 4; lastKnownFileType = sourcecode.c.objc; path = SpiritualViewController.m; sourceTree = "<group>"; };
		DC8BF781172CBD1900F31B94 /* HomeLifeViewController.h */ = {isa = PBXFileReference; fileEncoding = 4; lastKnownFileType = sourcecode.c.h; path = HomeLifeViewController.h; sourceTree = "<group>"; };
		DC8BF782172CBD1900F31B94 /* HomeLifeViewController.m */ = {isa = PBXFileReference; fileEncoding = 4; lastKnownFileType = sourcecode.c.objc; path = HomeLifeViewController.m; sourceTree = "<group>"; };
		DC8BF787172CBF3F00F31B94 /* Interactions.h */ = {isa = PBXFileReference; fileEncoding = 4; lastKnownFileType = sourcecode.c.h; path = Interactions.h; sourceTree = "<group>"; };
		DC8BF788172CBF3F00F31B94 /* Interactions.m */ = {isa = PBXFileReference; fileEncoding = 4; lastKnownFileType = sourcecode.c.objc; path = Interactions.m; sourceTree = "<group>"; };
		DC8BF78A172CC03800F31B94 /* Update.h */ = {isa = PBXFileReference; fileEncoding = 4; lastKnownFileType = sourcecode.c.h; path = Update.h; sourceTree = "<group>"; };
		DC8BF78B172CC03800F31B94 /* Update.m */ = {isa = PBXFileReference; fileEncoding = 4; lastKnownFileType = sourcecode.c.objc; path = Update.m; sourceTree = "<group>"; };
		DC8BF78D172D7C6700F31B94 /* ViewUpdateViewController.h */ = {isa = PBXFileReference; fileEncoding = 4; lastKnownFileType = sourcecode.c.h; path = ViewUpdateViewController.h; sourceTree = "<group>"; };
		DC8BF78E172D7C6700F31B94 /* ViewUpdateViewController.m */ = {isa = PBXFileReference; fileEncoding = 4; lastKnownFileType = sourcecode.c.objc; path = ViewUpdateViewController.m; sourceTree = "<group>"; };
		DC9205C9172037B70087B1C3 /* VisionTrustDatabase.h */ = {isa = PBXFileReference; fileEncoding = 4; lastKnownFileType = sourcecode.c.h; path = VisionTrustDatabase.h; sourceTree = "<group>"; };
		DC9205CA172037B70087B1C3 /* VisionTrustDatabase.m */ = {isa = PBXFileReference; fileEncoding = 4; lastKnownFileType = sourcecode.c.objc; path = VisionTrustDatabase.m; sourceTree = "<group>"; };
		DC9EA8BF17231E3400C3137D /* GuardianViewController.h */ = {isa = PBXFileReference; fileEncoding = 4; lastKnownFileType = sourcecode.c.h; path = GuardianViewController.h; sourceTree = "<group>"; };
		DC9EA8C017231E3400C3137D /* GuardianViewController.m */ = {isa = PBXFileReference; fileEncoding = 4; lastKnownFileType = sourcecode.c.objc; path = GuardianViewController.m; sourceTree = "<group>"; };
		DC9EA8C81723222900C3137D /* GuardianStatus+SetuptGuardianStatus.h */ = {isa = PBXFileReference; fileEncoding = 4; lastKnownFileType = sourcecode.c.h; path = "GuardianStatus+SetuptGuardianStatus.h"; sourceTree = "<group>"; };
		DC9EA8C91723222900C3137D /* GuardianStatus+SetuptGuardianStatus.m */ = {isa = PBXFileReference; fileEncoding = 4; lastKnownFileType = sourcecode.c.objc; path = "GuardianStatus+SetuptGuardianStatus.m"; sourceTree = "<group>"; };
		DC9EA8CB1723224000C3137D /* OccupationType+SetupOccupationType.h */ = {isa = PBXFileReference; fileEncoding = 4; lastKnownFileType = sourcecode.c.h; path = "OccupationType+SetupOccupationType.h"; sourceTree = "<group>"; };
		DC9EA8CC1723224100C3137D /* OccupationType+SetupOccupationType.m */ = {isa = PBXFileReference; fileEncoding = 4; lastKnownFileType = sourcecode.c.objc; path = "OccupationType+SetupOccupationType.m"; sourceTree = "<group>"; };
		DC9EA8D717233B7100C3137D /* AllChildrenViewController.h */ = {isa = PBXFileReference; fileEncoding = 4; lastKnownFileType = sourcecode.c.h; path = AllChildrenViewController.h; sourceTree = "<group>"; };
		DC9EA8D817233B7100C3137D /* AllChildrenViewController.m */ = {isa = PBXFileReference; fileEncoding = 4; lastKnownFileType = sourcecode.c.objc; path = AllChildrenViewController.m; sourceTree = "<group>"; };
		DC9EA8DB17234D8900C3137D /* RegisterGuardianViewController.h */ = {isa = PBXFileReference; fileEncoding = 4; lastKnownFileType = sourcecode.c.h; path = RegisterGuardianViewController.h; sourceTree = "<group>"; };
		DC9EA8DC17234D8900C3137D /* RegisterGuardianViewController.m */ = {isa = PBXFileReference; fileEncoding = 4; lastKnownFileType = sourcecode.c.objc; path = RegisterGuardianViewController.m; sourceTree = "<group>"; };
		DC9EA8DE1723507800C3137D /* InputDataViewController.h */ = {isa = PBXFileReference; fileEncoding = 4; lastKnownFileType = sourcecode.c.h; path = InputDataViewController.h; sourceTree = "<group>"; };
		DC9EA8DF1723507800C3137D /* InputDataViewController.m */ = {isa = PBXFileReference; fileEncoding = 4; lastKnownFileType = sourcecode.c.objc; path = InputDataViewController.m; sourceTree = "<group>"; };
		DC9EA8E41724BA2100C3137D /* UpdateAcademicViewController.h */ = {isa = PBXFileReference; fileEncoding = 4; lastKnownFileType = sourcecode.c.h; path = UpdateAcademicViewController.h; sourceTree = "<group>"; };
		DC9EA8E51724BA2100C3137D /* UpdateAcademicViewController.m */ = {isa = PBXFileReference; fileEncoding = 4; lastKnownFileType = sourcecode.c.objc; path = UpdateAcademicViewController.m; sourceTree = "<group>"; };
		DC9EA8EA172593C300C3137D /* RegisterHealthViewController.h */ = {isa = PBXFileReference; fileEncoding = 4; lastKnownFileType = sourcecode.c.h; path = RegisterHealthViewController.h; sourceTree = "<group>"; };
		DC9EA8EB172593C400C3137D /* RegisterHealthViewController.m */ = {isa = PBXFileReference; fileEncoding = 4; lastKnownFileType = sourcecode.c.objc; path = RegisterHealthViewController.m; sourceTree = "<group>"; };
		DCAA152E1727465B00470392 /* SearchTableViewController.h */ = {isa = PBXFileReference; lastKnownFileType = sourcecode.c.h; path = SearchTableViewController.h; sourceTree = "<group>"; };
		DCAA152F1727465B00470392 /* SearchTableViewController.m */ = {isa = PBXFileReference; lastKnownFileType = sourcecode.c.objc; path = SearchTableViewController.m; sourceTree = "<group>"; };
		DCAA15301727468400470392 /* Guardian+SetupGuardian.h */ = {isa = PBXFileReference; lastKnownFileType = sourcecode.c.h; path = "Guardian+SetupGuardian.h"; sourceTree = "<group>"; };
		DCAA15311727468500470392 /* Guardian+SetupGuardian.m */ = {isa = PBXFileReference; lastKnownFileType = sourcecode.c.objc; path = "Guardian+SetupGuardian.m"; sourceTree = "<group>"; };
		DCCB62511728B5AE00395C59 /* Interactions+SetupInteraction.h */ = {isa = PBXFileReference; fileEncoding = 4; lastKnownFileType = sourcecode.c.h; path = "Interactions+SetupInteraction.h"; sourceTree = "<group>"; };
		DCCB62521728B5AE00395C59 /* Interactions+SetupInteraction.m */ = {isa = PBXFileReference; fileEncoding = 4; lastKnownFileType = sourcecode.c.objc; path = "Interactions+SetupInteraction.m"; sourceTree = "<group>"; };
		DCE80B62171784E700A0FE35 /* VisionTrust.app */ = {isa = PBXFileReference; explicitFileType = wrapper.application; includeInIndex = 0; path = VisionTrust.app; sourceTree = BUILT_PRODUCTS_DIR; };
		DCE80B65171784E700A0FE35 /* UIKit.framework */ = {isa = PBXFileReference; lastKnownFileType = wrapper.framework; name = UIKit.framework; path = System/Library/Frameworks/UIKit.framework; sourceTree = SDKROOT; };
		DCE80B67171784E700A0FE35 /* Foundation.framework */ = {isa = PBXFileReference; lastKnownFileType = wrapper.framework; name = Foundation.framework; path = System/Library/Frameworks/Foundation.framework; sourceTree = SDKROOT; };
		DCE80B69171784E700A0FE35 /* CoreGraphics.framework */ = {isa = PBXFileReference; lastKnownFileType = wrapper.framework; name = CoreGraphics.framework; path = System/Library/Frameworks/CoreGraphics.framework; sourceTree = SDKROOT; };
		DCE80B6D171784E700A0FE35 /* VisionTrust-Info.plist */ = {isa = PBXFileReference; lastKnownFileType = text.plist.xml; path = "VisionTrust-Info.plist"; sourceTree = "<group>"; };
		DCE80B6F171784E700A0FE35 /* en */ = {isa = PBXFileReference; lastKnownFileType = text.plist.strings; name = en; path = en.lproj/InfoPlist.strings; sourceTree = "<group>"; };
		DCE80B71171784E700A0FE35 /* main.m */ = {isa = PBXFileReference; lastKnownFileType = sourcecode.c.objc; path = main.m; sourceTree = "<group>"; };
		DCE80B73171784E700A0FE35 /* VisionTrust-Prefix.pch */ = {isa = PBXFileReference; lastKnownFileType = sourcecode.c.h; path = "VisionTrust-Prefix.pch"; sourceTree = "<group>"; };
		DCE80B74171784E700A0FE35 /* AppDelegate.h */ = {isa = PBXFileReference; lastKnownFileType = sourcecode.c.h; path = AppDelegate.h; sourceTree = "<group>"; };
		DCE80B75171784E700A0FE35 /* AppDelegate.m */ = {isa = PBXFileReference; lastKnownFileType = sourcecode.c.objc; path = AppDelegate.m; sourceTree = "<group>"; };
		DCE80B77171784E700A0FE35 /* Default.png */ = {isa = PBXFileReference; lastKnownFileType = image.png; path = Default.png; sourceTree = "<group>"; };
		DCE80B79171784E700A0FE35 /* Default@2x.png */ = {isa = PBXFileReference; lastKnownFileType = image.png; path = "Default@2x.png"; sourceTree = "<group>"; };
		DCE80B7B171784E700A0FE35 /* Default-568h@2x.png */ = {isa = PBXFileReference; lastKnownFileType = image.png; path = "Default-568h@2x.png"; sourceTree = "<group>"; };
		DCE80B7E171784E700A0FE35 /* en */ = {isa = PBXFileReference; lastKnownFileType = file.storyboard; name = en; path = en.lproj/MainStoryboard_iPhone.storyboard; sourceTree = "<group>"; };
		DCE80B81171784E700A0FE35 /* en */ = {isa = PBXFileReference; lastKnownFileType = file.storyboard; name = en; path = en.lproj/MainStoryboard_iPad.storyboard; sourceTree = "<group>"; };
		DCF1F97017298CDB0094E25D /* Child.h */ = {isa = PBXFileReference; fileEncoding = 4; lastKnownFileType = sourcecode.c.h; path = Child.h; sourceTree = "<group>"; };
		DCF1F97117298CDB0094E25D /* Child.m */ = {isa = PBXFileReference; fileEncoding = 4; lastKnownFileType = sourcecode.c.objc; path = Child.m; sourceTree = "<group>"; };
		DCF1F97317298E410094E25D /* Guardian.h */ = {isa = PBXFileReference; fileEncoding = 4; lastKnownFileType = sourcecode.c.h; path = Guardian.h; sourceTree = "<group>"; };
		DCF1F97417298E410094E25D /* Guardian.m */ = {isa = PBXFileReference; fileEncoding = 4; lastKnownFileType = sourcecode.c.objc; path = Guardian.m; sourceTree = "<group>"; };
		DCF1F97617298EEF0094E25D /* Project.h */ = {isa = PBXFileReference; fileEncoding = 4; lastKnownFileType = sourcecode.c.h; path = Project.h; sourceTree = "<group>"; };
		DCF1F97717298EEF0094E25D /* Project.m */ = {isa = PBXFileReference; fileEncoding = 4; lastKnownFileType = sourcecode.c.objc; path = Project.m; sourceTree = "<group>"; };
		DCF1F97C17299DA70094E25D /* UpdateViewController.h */ = {isa = PBXFileReference; fileEncoding = 4; lastKnownFileType = sourcecode.c.h; path = UpdateViewController.h; sourceTree = "<group>"; };
		DCF1F97D17299DA70094E25D /* UpdateViewController.m */ = {isa = PBXFileReference; fileEncoding = 4; lastKnownFileType = sourcecode.c.objc; path = UpdateViewController.m; sourceTree = "<group>"; };
		DCF1F97F1729A6950094E25D /* UpdateListViewController.h */ = {isa = PBXFileReference; fileEncoding = 4; lastKnownFileType = sourcecode.c.h; path = UpdateListViewController.h; sourceTree = "<group>"; };
		DCF1F9801729A6950094E25D /* UpdateListViewController.m */ = {isa = PBXFileReference; fileEncoding = 4; lastKnownFileType = sourcecode.c.objc; path = UpdateListViewController.m; sourceTree = "<group>"; };
		DCF49DEF1729CC7D0076830E /* UpdateOptions.h */ = {isa = PBXFileReference; fileEncoding = 4; lastKnownFileType = sourcecode.c.h; path = UpdateOptions.h; sourceTree = "<group>"; };
		DCF49DF01729CC7D0076830E /* UpdateOptions.m */ = {isa = PBXFileReference; fileEncoding = 4; lastKnownFileType = sourcecode.c.objc; path = UpdateOptions.m; sourceTree = "<group>"; };
		DCF49DF21729CC7D0076830E /* OptionCategories.h */ = {isa = PBXFileReference; fileEncoding = 4; lastKnownFileType = sourcecode.c.h; path = OptionCategories.h; sourceTree = "<group>"; };
		DCF49DF31729CC7D0076830E /* OptionCategories.m */ = {isa = PBXFileReference; fileEncoding = 4; lastKnownFileType = sourcecode.c.objc; path = OptionCategories.m; sourceTree = "<group>"; };
		DCF49DF51729CD900076830E /* Update+SetupUpdate.h */ = {isa = PBXFileReference; fileEncoding = 4; lastKnownFileType = sourcecode.c.h; path = "Update+SetupUpdate.h"; sourceTree = "<group>"; };
		DCF49DF61729CD900076830E /* Update+SetupUpdate.m */ = {isa = PBXFileReference; fileEncoding = 4; lastKnownFileType = sourcecode.c.objc; path = "Update+SetupUpdate.m"; sourceTree = "<group>"; };
		DCF49DF81729CE5A0076830E /* UpdateOptions+SetupOptions.h */ = {isa = PBXFileReference; fileEncoding = 4; lastKnownFileType = sourcecode.c.h; path = "UpdateOptions+SetupOptions.h"; sourceTree = "<group>"; };
		DCF49DF91729CE5A0076830E /* UpdateOptions+SetupOptions.m */ = {isa = PBXFileReference; fileEncoding = 4; lastKnownFileType = sourcecode.c.objc; path = "UpdateOptions+SetupOptions.m"; sourceTree = "<group>"; };
		DCF49DFB1729CF870076830E /* OptionCategories+SetupCategories.h */ = {isa = PBXFileReference; fileEncoding = 4; lastKnownFileType = sourcecode.c.h; path = "OptionCategories+SetupCategories.h"; sourceTree = "<group>"; };
		DCF49DFC1729CF870076830E /* OptionCategories+SetupCategories.m */ = {isa = PBXFileReference; fileEncoding = 4; lastKnownFileType = sourcecode.c.objc; path = "OptionCategories+SetupCategories.m"; sourceTree = "<group>"; };
		DCF49DFE172A04A90076830E /* UpdateSpiritualViewController.h */ = {isa = PBXFileReference; fileEncoding = 4; lastKnownFileType = sourcecode.c.h; path = UpdateSpiritualViewController.h; sourceTree = "<group>"; };
		DCF49DFF172A04A90076830E /* UpdateSpiritualViewController.m */ = {isa = PBXFileReference; fileEncoding = 4; lastKnownFileType = sourcecode.c.objc; path = UpdateSpiritualViewController.m; sourceTree = "<group>"; };
		DCF49E01172A17F20076830E /* UpdateHomeLifeViewController.h */ = {isa = PBXFileReference; fileEncoding = 4; lastKnownFileType = sourcecode.c.h; path = UpdateHomeLifeViewController.h; sourceTree = "<group>"; };
		DCF49E02172A17F20076830E /* UpdateHomeLifeViewController.m */ = {isa = PBXFileReference; fileEncoding = 4; lastKnownFileType = sourcecode.c.objc; path = UpdateHomeLifeViewController.m; sourceTree = "<group>"; };
		DCF49E04172A1BAA0076830E /* UpdateOptionsViewController.h */ = {isa = PBXFileReference; fileEncoding = 4; lastKnownFileType = sourcecode.c.h; path = UpdateOptionsViewController.h; sourceTree = "<group>"; };
		DCF49E05172A1BAA0076830E /* UpdateOptionsViewController.m */ = {isa = PBXFileReference; fileEncoding = 4; lastKnownFileType = sourcecode.c.objc; path = UpdateOptionsViewController.m; sourceTree = "<group>"; };
		DCF49E13172B6CE30076830E /* AcademicViewController.h */ = {isa = PBXFileReference; fileEncoding = 4; lastKnownFileType = sourcecode.c.h; path = AcademicViewController.h; sourceTree = "<group>"; };
		DCF49E14172B6CE30076830E /* AcademicViewController.m */ = {isa = PBXFileReference; fileEncoding = 4; lastKnownFileType = sourcecode.c.objc; path = AcademicViewController.m; sourceTree = "<group>"; };
		DCFC84041721A3F5003862D5 /* Project+SetupProject.h */ = {isa = PBXFileReference; fileEncoding = 4; lastKnownFileType = sourcecode.c.h; path = "Project+SetupProject.h"; sourceTree = "<group>"; };
		DCFC84051721A3F5003862D5 /* Project+SetupProject.m */ = {isa = PBXFileReference; fileEncoding = 4; lastKnownFileType = sourcecode.c.objc; path = "Project+SetupProject.m"; sourceTree = "<group>"; };
		DCFC840D17220CC3003862D5 /* PersonalViewController.h */ = {isa = PBXFileReference; fileEncoding = 4; lastKnownFileType = sourcecode.c.h; path = PersonalViewController.h; sourceTree = "<group>"; };
		DCFC840E17220CC3003862D5 /* PersonalViewController.m */ = {isa = PBXFileReference; fileEncoding = 4; lastKnownFileType = sourcecode.c.objc; path = PersonalViewController.m; sourceTree = "<group>"; };
		DCFC8410172225BE003862D5 /* RegisterChildViewController.h */ = {isa = PBXFileReference; fileEncoding = 4; lastKnownFileType = sourcecode.c.h; path = RegisterChildViewController.h; sourceTree = "<group>"; };
		DCFC8411172225BE003862D5 /* RegisterChildViewController.m */ = {isa = PBXFileReference; fileEncoding = 4; lastKnownFileType = sourcecode.c.objc; path = RegisterChildViewController.m; sourceTree = "<group>"; };
/* End PBXFileReference section */

/* Begin PBXFrameworksBuildPhase section */
		DCE80B5F171784E700A0FE35 /* Frameworks */ = {
			isa = PBXFrameworksBuildPhase;
			buildActionMask = 2147483647;
			files = (
				DC274F331726EAEE008F093C /* MobileCoreServices.framework in Frameworks */,
				DC6534EC171CCB1A00785378 /* QuartzCore.framework in Frameworks */,
				DC6534B6171868DB00785378 /* CoreData.framework in Frameworks */,
				DCE80B66171784E700A0FE35 /* UIKit.framework in Frameworks */,
				DCE80B68171784E700A0FE35 /* Foundation.framework in Frameworks */,
				DCE80B6A171784E700A0FE35 /* CoreGraphics.framework in Frameworks */,
			);
			runOnlyForDeploymentPostprocessing = 0;
		};
/* End PBXFrameworksBuildPhase section */

/* Begin PBXGroup section */
		DC65348A17178EA800785378 /* Storyboards */ = {
			isa = PBXGroup;
			children = (
				DCE80B7D171784E700A0FE35 /* MainStoryboard_iPhone.storyboard */,
				DCE80B80171784E700A0FE35 /* MainStoryboard_iPad.storyboard */,
			);
			name = Storyboards;
			sourceTree = "<group>";
		};
		DC6534B4171867CE00785378 /* Core Data */ = {
			isa = PBXGroup;
			children = (
				DCF1F97017298CDB0094E25D /* Child.h */,
				DCF1F97117298CDB0094E25D /* Child.m */,
				DC6534DD171B63B000785378 /* Child+SetupChild.h */,
				DC6534DE171B63B000785378 /* Child+SetupChild.m */,
				DC6534BD171A3C5000785378 /* LoginModel.xcdatamodeld */,
				DCF1F97317298E410094E25D /* Guardian.h */,
				DCF1F97417298E410094E25D /* Guardian.m */,
				DCAA15301727468400470392 /* Guardian+SetupGuardian.h */,
				DCAA15311727468500470392 /* Guardian+SetupGuardian.m */,
				D50FF915171E69E400EFE78F /* GuardianStatus.h */,
				D50FF916171E69E400EFE78F /* GuardianStatus.m */,
				DC9EA8C81723222900C3137D /* GuardianStatus+SetuptGuardianStatus.h */,
				DC9EA8C91723222900C3137D /* GuardianStatus+SetuptGuardianStatus.m */,
				DC8BF787172CBF3F00F31B94 /* Interactions.h */,
				DC8BF788172CBF3F00F31B94 /* Interactions.m */,
				DCCB62511728B5AE00395C59 /* Interactions+SetupInteraction.h */,
				DCCB62521728B5AE00395C59 /* Interactions+SetupInteraction.m */,
				DCF49DF21729CC7D0076830E /* OptionCategories.h */,
				DCF49DF31729CC7D0076830E /* OptionCategories.m */,
				DCF49DFB1729CF870076830E /* OptionCategories+SetupCategories.h */,
				DCF49DFC1729CF870076830E /* OptionCategories+SetupCategories.m */,
				D50FF912171E69E400EFE78F /* OccupationType.h */,
				D50FF913171E69E400EFE78F /* OccupationType.m */,
				DC9EA8CB1723224000C3137D /* OccupationType+SetupOccupationType.h */,
				DC9EA8CC1723224100C3137D /* OccupationType+SetupOccupationType.m */,
				DCF1F97617298EEF0094E25D /* Project.h */,
				DCF1F97717298EEF0094E25D /* Project.m */,
				DCFC84041721A3F5003862D5 /* Project+SetupProject.h */,
				DCFC84051721A3F5003862D5 /* Project+SetupProject.m */,
				DC8BF78A172CC03800F31B94 /* Update.h */,
				DC8BF78B172CC03800F31B94 /* Update.m */,
				DCF49DF51729CD900076830E /* Update+SetupUpdate.h */,
				DCF49DF61729CD900076830E /* Update+SetupUpdate.m */,
				DCF49DEF1729CC7D0076830E /* UpdateOptions.h */,
				DCF49DF01729CC7D0076830E /* UpdateOptions.m */,
				DCF49DF81729CE5A0076830E /* UpdateOptions+SetupOptions.h */,
				DCF49DF91729CE5A0076830E /* UpdateOptions+SetupOptions.m */,
				DC6534C0171A3D1200785378 /* User.h */,
				DC6534C1171A3D1200785378 /* User.m */,
				DC6534B11718607B00785378 /* User+SetupUser.h */,
				DC6534B21718607B00785378 /* User+SetupUser.m */,
				D50FF8F7171E669A00EFE78F /* UserType.h */,
				D50FF8F8171E669A00EFE78F /* UserType.m */,
				DC9205C9172037B70087B1C3 /* VisionTrustDatabase.h */,
				DC9205CA172037B70087B1C3 /* VisionTrustDatabase.m */,
			);
			name = "Core Data";
			sourceTree = "<group>";
		};
		DC9EA8BE17231CF400C3137D /* Controllers */ = {
			isa = PBXGroup;
			children = (
				DCF49E13172B6CE30076830E /* AcademicViewController.h */,
				DCF49E14172B6CE30076830E /* AcademicViewController.m */,
				DC6534E8171CC57D00785378 /* AdvancedSearchViewController.h */,
				DC6534E9171CC57D00785378 /* AdvancedSearchViewController.m */,
				DC9EA8D717233B7100C3137D /* AllChildrenViewController.h */,
				DC9EA8D817233B7100C3137D /* AllChildrenViewController.m */,
				DC9EA8BF17231E3400C3137D /* GuardianViewController.h */,
				DC9EA8C017231E3400C3137D /* GuardianViewController.m */,
				DC8BF775172CA75700F31B94 /* HealthViewController.h */,
				DC8BF776172CA75700F31B94 /* HealthViewController.m */,
				DC8BF781172CBD1900F31B94 /* HomeLifeViewController.h */,
				DC8BF782172CBD1900F31B94 /* HomeLifeViewController.m */,
				DC6534B71719D2CA00785378 /* HomeViewController.h */,
				DC6534B81719D2CA00785378 /* HomeViewController.m */,
				DC9EA8DE1723507800C3137D /* InputDataViewController.h */,
				DC9EA8DF1723507800C3137D /* InputDataViewController.m */,
				DC65349617179CF900785378 /* LoginViewController.h */,
				DC65349717179CF900785378 /* LoginViewController.m */,
				DCFC840D17220CC3003862D5 /* PersonalViewController.h */,
				DCFC840E17220CC3003862D5 /* PersonalViewController.m */,
				DCFC8410172225BE003862D5 /* RegisterChildViewController.h */,
				DCFC8411172225BE003862D5 /* RegisterChildViewController.m */,
				DC9EA8EA172593C300C3137D /* RegisterHealthViewController.h */,
				DC9EA8EB172593C400C3137D /* RegisterHealthViewController.m */,
				DC9EA8DB17234D8900C3137D /* RegisterGuardianViewController.h */,
				DC9EA8DC17234D8900C3137D /* RegisterGuardianViewController.m */,
				DCAA152E1727465B00470392 /* SearchTableViewController.h */,
				DCAA152F1727465B00470392 /* SearchTableViewController.m */,
				DC8BF778172CB03F00F31B94 /* SpiritualViewController.h */,
				DC8BF779172CB03F00F31B94 /* SpiritualViewController.m */,
				DC9EA8E41724BA2100C3137D /* UpdateAcademicViewController.h */,
				DC9EA8E51724BA2100C3137D /* UpdateAcademicViewController.m */,
				DCF49E01172A17F20076830E /* UpdateHomeLifeViewController.h */,
				DCF49E02172A17F20076830E /* UpdateHomeLifeViewController.m */,
				DCF1F97F1729A6950094E25D /* UpdateListViewController.h */,
				DCF1F9801729A6950094E25D /* UpdateListViewController.m */,
				DCF49E04172A1BAA0076830E /* UpdateOptionsViewController.h */,
				DCF49E05172A1BAA0076830E /* UpdateOptionsViewController.m */,
				DCF49DFE172A04A90076830E /* UpdateSpiritualViewController.h */,
				DCF49DFF172A04A90076830E /* UpdateSpiritualViewController.m */,
				DCF1F97C17299DA70094E25D /* UpdateViewController.h */,
				DCF1F97D17299DA70094E25D /* UpdateViewController.m */,
				DC8BF78D172D7C6700F31B94 /* ViewUpdateViewController.h */,
				DC8BF78E172D7C6700F31B94 /* ViewUpdateViewController.m */,
			);
			name = Controllers;
			sourceTree = "<group>";
		};
		DC9EA8DA17233E7800C3137D /* Custom Cells */ = {
			isa = PBXGroup;
			children = (
				DC6534C5171B04F700785378 /* Cell.h */,
				DC6534C6171B04F800785378 /* Cell.m */,
				DC6534CE171B168400785378 /* CustomCellBackground.h */,
				DC6534CF171B168400785378 /* CustomCellBackground.m */,
				DC6534E5171B8DAB00785378 /* CustomSearchCell.h */,
				DC6534E6171B8DAB00785378 /* CustomSearchCell.m */,
			);
			name = "Custom Cells";
			sourceTree = "<group>";
		};
		DCE80B59171784E700A0FE35 = {
			isa = PBXGroup;
			children = (
				DCE80B6B171784E700A0FE35 /* VisionTrust */,
				DCE80B64171784E700A0FE35 /* Frameworks */,
				DCE80B63171784E700A0FE35 /* Products */,
			);
			sourceTree = "<group>";
		};
		DCE80B63171784E700A0FE35 /* Products */ = {
			isa = PBXGroup;
			children = (
				DCE80B62171784E700A0FE35 /* VisionTrust.app */,
			);
			name = Products;
			sourceTree = "<group>";
		};
		DCE80B64171784E700A0FE35 /* Frameworks */ = {
			isa = PBXGroup;
			children = (
				DC274F321726EAEE008F093C /* MobileCoreServices.framework */,
				DC6534EB171CCB1900785378 /* QuartzCore.framework */,
				DC6534B5171868DB00785378 /* CoreData.framework */,
				DCE80B65171784E700A0FE35 /* UIKit.framework */,
				DCE80B67171784E700A0FE35 /* Foundation.framework */,
				DCE80B69171784E700A0FE35 /* CoreGraphics.framework */,
			);
			name = Frameworks;
			sourceTree = "<group>";
		};
		DCE80B6B171784E700A0FE35 /* VisionTrust */ = {
			isa = PBXGroup;
			children = (
				DC9EA8BE17231CF400C3137D /* Controllers */,
				DC6534B4171867CE00785378 /* Core Data */,
				DC9EA8DA17233E7800C3137D /* Custom Cells */,
				DC65348A17178EA800785378 /* Storyboards */,
				DCE80B6C171784E700A0FE35 /* Supporting Files */,
			);
			path = VisionTrust;
			sourceTree = "<group>";
		};
		DCE80B6C171784E700A0FE35 /* Supporting Files */ = {
			isa = PBXGroup;
			children = (
				DC6534E0171B68B500785378 /* child.jpeg */,
				DC6534CC171B0D5300785378 /* departure.jpeg */,
				DC6534C3171A6ACD00785378 /* signup.jpeg */,
				DC6534C8171B08E900785378 /* profile.jpeg */,
				DC6534CA171B0C5B00785378 /* update.jpeg */,
				DCE80B74171784E700A0FE35 /* AppDelegate.h */,
				DCE80B75171784E700A0FE35 /* AppDelegate.m */,
				DC65348B17178F0400785378 /* VisionTrustLogo.jpg */,
				DCE80B6D171784E700A0FE35 /* VisionTrust-Info.plist */,
				DCE80B6E171784E700A0FE35 /* InfoPlist.strings */,
				DCE80B71171784E700A0FE35 /* main.m */,
				DCE80B73171784E700A0FE35 /* VisionTrust-Prefix.pch */,
				DCE80B77171784E700A0FE35 /* Default.png */,
				DCE80B79171784E700A0FE35 /* Default@2x.png */,
				DCE80B7B171784E700A0FE35 /* Default-568h@2x.png */,
			);
			name = "Supporting Files";
			sourceTree = "<group>";
		};
/* End PBXGroup section */

/* Begin PBXNativeTarget section */
		DCE80B61171784E700A0FE35 /* VisionTrust */ = {
			isa = PBXNativeTarget;
			buildConfigurationList = DCE80B88171784E700A0FE35 /* Build configuration list for PBXNativeTarget "VisionTrust" */;
			buildPhases = (
				DCE80B5E171784E700A0FE35 /* Sources */,
				DCE80B5F171784E700A0FE35 /* Frameworks */,
				DCE80B60171784E700A0FE35 /* Resources */,
			);
			buildRules = (
			);
			dependencies = (
			);
			name = VisionTrust;
			productName = VisionTrust;
			productReference = DCE80B62171784E700A0FE35 /* VisionTrust.app */;
			productType = "com.apple.product-type.application";
		};
/* End PBXNativeTarget section */

/* Begin PBXProject section */
		DCE80B5A171784E700A0FE35 /* Project object */ = {
			isa = PBXProject;
			attributes = {
				LastUpgradeCheck = 0460;
				ORGANIZATIONNAME = "Stephen Heuzey";
			};
			buildConfigurationList = DCE80B5D171784E700A0FE35 /* Build configuration list for PBXProject "VisionTrust" */;
			compatibilityVersion = "Xcode 3.2";
			developmentRegion = English;
			hasScannedForEncodings = 0;
			knownRegions = (
				en,
			);
			mainGroup = DCE80B59171784E700A0FE35;
			productRefGroup = DCE80B63171784E700A0FE35 /* Products */;
			projectDirPath = "";
			projectRoot = "";
			targets = (
				DCE80B61171784E700A0FE35 /* VisionTrust */,
			);
		};
/* End PBXProject section */

/* Begin PBXResourcesBuildPhase section */
		DCE80B60171784E700A0FE35 /* Resources */ = {
			isa = PBXResourcesBuildPhase;
			buildActionMask = 2147483647;
			files = (
				DCE80B70171784E700A0FE35 /* InfoPlist.strings in Resources */,
				DCE80B78171784E700A0FE35 /* Default.png in Resources */,
				DCE80B7A171784E700A0FE35 /* Default@2x.png in Resources */,
				DCE80B7C171784E700A0FE35 /* Default-568h@2x.png in Resources */,
				DCE80B7F171784E700A0FE35 /* MainStoryboard_iPhone.storyboard in Resources */,
				DCE80B82171784E700A0FE35 /* MainStoryboard_iPad.storyboard in Resources */,
				DC65348C17178F0400785378 /* VisionTrustLogo.jpg in Resources */,
				DC6534C4171A6ACD00785378 /* signup.jpeg in Resources */,
				DC6534C9171B08E900785378 /* profile.jpeg in Resources */,
				DC6534CB171B0C5B00785378 /* update.jpeg in Resources */,
				DC6534CD171B0D5300785378 /* departure.jpeg in Resources */,
				DC6534E1171B68B500785378 /* child.jpeg in Resources */,
			);
			runOnlyForDeploymentPostprocessing = 0;
		};
/* End PBXResourcesBuildPhase section */

/* Begin PBXSourcesBuildPhase section */
		DCE80B5E171784E700A0FE35 /* Sources */ = {
			isa = PBXSourcesBuildPhase;
			buildActionMask = 2147483647;
			files = (
				DCFB73D917276D04009DDCA8 /* Guardian+SetupGuardian.m in Sources */,
				DCFB73D817276CFB009DDCA8 /* SearchTableViewController.m in Sources */,
				DCE80B72171784E700A0FE35 /* main.m in Sources */,
				DCE80B76171784E700A0FE35 /* AppDelegate.m in Sources */,
				DC65349817179CF900785378 /* LoginViewController.m in Sources */,
				DC6534B31718607B00785378 /* User+SetupUser.m in Sources */,
				DC6534B91719D2CA00785378 /* HomeViewController.m in Sources */,
				DC6534BF171A3C5000785378 /* LoginModel.xcdatamodeld in Sources */,
				DC6534C2171A3D1200785378 /* User.m in Sources */,
				DC9EA8C117231E3400C3137D /* GuardianViewController.m in Sources */,
				DC6534C7171B04F800785378 /* Cell.m in Sources */,
				DC6534D0171B168400785378 /* CustomCellBackground.m in Sources */,
				DC6534DF171B63B100785378 /* Child+SetupChild.m in Sources */,
				DC6534E7171B8DAC00785378 /* CustomSearchCell.m in Sources */,
				DC6534EA171CC57D00785378 /* AdvancedSearchViewController.m in Sources */,
				D50FF8F9171E669A00EFE78F /* UserType.m in Sources */,
				D50FF914171E69E400EFE78F /* OccupationType.m in Sources */,
				D50FF917171E69E400EFE78F /* GuardianStatus.m in Sources */,
				DC9205CB172037B70087B1C3 /* VisionTrustDatabase.m in Sources */,
				DCFC84061721A3F5003862D5 /* Project+SetupProject.m in Sources */,
				DCFC840F17220CC3003862D5 /* PersonalViewController.m in Sources */,
				DCFC8412172225BF003862D5 /* RegisterChildViewController.m in Sources */,
				DC9EA8CA1723222900C3137D /* GuardianStatus+SetuptGuardianStatus.m in Sources */,
				DC9EA8CD1723224100C3137D /* OccupationType+SetupOccupationType.m in Sources */,
				DC9EA8D917233B7100C3137D /* AllChildrenViewController.m in Sources */,
				DC9EA8DD17234D8900C3137D /* RegisterGuardianViewController.m in Sources */,
				DC9EA8E01723507900C3137D /* InputDataViewController.m in Sources */,
				DC9EA8E61724BA2200C3137D /* UpdateAcademicViewController.m in Sources */,
				DC9EA8EC172593C400C3137D /* RegisterHealthViewController.m in Sources */,
				DCCB62531728B5AE00395C59 /* Interactions+SetupInteraction.m in Sources */,
				DCF1F97217298CDB0094E25D /* Child.m in Sources */,
				DCF1F97517298E410094E25D /* Guardian.m in Sources */,
				DCF1F97817298EEF0094E25D /* Project.m in Sources */,
				DCF1F97E17299DA70094E25D /* UpdateViewController.m in Sources */,
				DCF1F9811729A6950094E25D /* UpdateListViewController.m in Sources */,
				DCF49DF11729CC7D0076830E /* UpdateOptions.m in Sources */,
				DCF49DF41729CC7D0076830E /* OptionCategories.m in Sources */,
				DCF49DF71729CD900076830E /* Update+SetupUpdate.m in Sources */,
				DCF49DFA1729CE5A0076830E /* UpdateOptions+SetupOptions.m in Sources */,
				DCF49DFD1729CF870076830E /* OptionCategories+SetupCategories.m in Sources */,
				DCF49E00172A04AA0076830E /* UpdateSpiritualViewController.m in Sources */,
				DCF49E03172A17F20076830E /* UpdateHomeLifeViewController.m in Sources */,
				DCF49E06172A1BAA0076830E /* UpdateOptionsViewController.m in Sources */,
				DCF49E15172B6CE40076830E /* AcademicViewController.m in Sources */,
				DC8BF777172CA75700F31B94 /* HealthViewController.m in Sources */,
				DC8BF77A172CB04000F31B94 /* SpiritualViewController.m in Sources */,
				DC8BF783172CBD1900F31B94 /* HomeLifeViewController.m in Sources */,
				DC8BF789172CBF3F00F31B94 /* Interactions.m in Sources */,
				DC8BF78C172CC03800F31B94 /* Update.m in Sources */,
				DC8BF78F172D7C6800F31B94 /* ViewUpdateViewController.m in Sources */,
			);
			runOnlyForDeploymentPostprocessing = 0;
		};
/* End PBXSourcesBuildPhase section */

/* Begin PBXVariantGroup section */
		DCE80B6E171784E700A0FE35 /* InfoPlist.strings */ = {
			isa = PBXVariantGroup;
			children = (
				DCE80B6F171784E700A0FE35 /* en */,
			);
			name = InfoPlist.strings;
			sourceTree = "<group>";
		};
		DCE80B7D171784E700A0FE35 /* MainStoryboard_iPhone.storyboard */ = {
			isa = PBXVariantGroup;
			children = (
				DCE80B7E171784E700A0FE35 /* en */,
			);
			name = MainStoryboard_iPhone.storyboard;
			sourceTree = "<group>";
		};
		DCE80B80171784E700A0FE35 /* MainStoryboard_iPad.storyboard */ = {
			isa = PBXVariantGroup;
			children = (
				DCE80B81171784E700A0FE35 /* en */,
			);
			name = MainStoryboard_iPad.storyboard;
			sourceTree = "<group>";
		};
/* End PBXVariantGroup section */

/* Begin XCBuildConfiguration section */
		DCE80B86171784E700A0FE35 /* Debug */ = {
			isa = XCBuildConfiguration;
			buildSettings = {
				ALWAYS_SEARCH_USER_PATHS = NO;
				CLANG_CXX_LANGUAGE_STANDARD = "gnu++0x";
				CLANG_CXX_LIBRARY = "libc++";
				CLANG_ENABLE_OBJC_ARC = YES;
				CLANG_WARN_CONSTANT_CONVERSION = YES;
				CLANG_WARN_EMPTY_BODY = YES;
				CLANG_WARN_ENUM_CONVERSION = YES;
				CLANG_WARN_INT_CONVERSION = YES;
				CLANG_WARN__DUPLICATE_METHOD_MATCH = YES;
				"CODE_SIGN_IDENTITY[sdk=iphoneos*]" = "iPhone Developer";
				COPY_PHASE_STRIP = NO;
				GCC_C_LANGUAGE_STANDARD = gnu99;
				GCC_DYNAMIC_NO_PIC = NO;
				GCC_OPTIMIZATION_LEVEL = 0;
				GCC_PREPROCESSOR_DEFINITIONS = (
					"DEBUG=1",
					"$(inherited)",
				);
				GCC_SYMBOLS_PRIVATE_EXTERN = NO;
				GCC_WARN_ABOUT_RETURN_TYPE = YES;
				GCC_WARN_UNINITIALIZED_AUTOS = YES;
				GCC_WARN_UNUSED_VARIABLE = YES;
				IPHONEOS_DEPLOYMENT_TARGET = 6.1;
				ONLY_ACTIVE_ARCH = YES;
				SDKROOT = iphoneos;
				TARGETED_DEVICE_FAMILY = "1,2";
			};
			name = Debug;
		};
		DCE80B87171784E700A0FE35 /* Release */ = {
			isa = XCBuildConfiguration;
			buildSettings = {
				ALWAYS_SEARCH_USER_PATHS = NO;
				CLANG_CXX_LANGUAGE_STANDARD = "gnu++0x";
				CLANG_CXX_LIBRARY = "libc++";
				CLANG_ENABLE_OBJC_ARC = YES;
				CLANG_WARN_CONSTANT_CONVERSION = YES;
				CLANG_WARN_EMPTY_BODY = YES;
				CLANG_WARN_ENUM_CONVERSION = YES;
				CLANG_WARN_INT_CONVERSION = YES;
				CLANG_WARN__DUPLICATE_METHOD_MATCH = YES;
				"CODE_SIGN_IDENTITY[sdk=iphoneos*]" = "iPhone Developer";
				COPY_PHASE_STRIP = YES;
				GCC_C_LANGUAGE_STANDARD = gnu99;
				GCC_WARN_ABOUT_RETURN_TYPE = YES;
				GCC_WARN_UNINITIALIZED_AUTOS = YES;
				GCC_WARN_UNUSED_VARIABLE = YES;
				IPHONEOS_DEPLOYMENT_TARGET = 6.1;
				OTHER_CFLAGS = "-DNS_BLOCK_ASSERTIONS=1";
				SDKROOT = iphoneos;
				TARGETED_DEVICE_FAMILY = "1,2";
				VALIDATE_PRODUCT = YES;
			};
			name = Release;
		};
		DCE80B89171784E700A0FE35 /* Debug */ = {
			isa = XCBuildConfiguration;
			buildSettings = {
				GCC_PRECOMPILE_PREFIX_HEADER = YES;
				GCC_PREFIX_HEADER = "VisionTrust/VisionTrust-Prefix.pch";
				INFOPLIST_FILE = "VisionTrust/VisionTrust-Info.plist";
				PRODUCT_NAME = "$(TARGET_NAME)";
				WRAPPER_EXTENSION = app;
			};
			name = Debug;
		};
		DCE80B8A171784E700A0FE35 /* Release */ = {
			isa = XCBuildConfiguration;
			buildSettings = {
				GCC_PRECOMPILE_PREFIX_HEADER = YES;
				GCC_PREFIX_HEADER = "VisionTrust/VisionTrust-Prefix.pch";
				INFOPLIST_FILE = "VisionTrust/VisionTrust-Info.plist";
				PRODUCT_NAME = "$(TARGET_NAME)";
				WRAPPER_EXTENSION = app;
			};
			name = Release;
		};
/* End XCBuildConfiguration section */

/* Begin XCConfigurationList section */
		DCE80B5D171784E700A0FE35 /* Build configuration list for PBXProject "VisionTrust" */ = {
			isa = XCConfigurationList;
			buildConfigurations = (
				DCE80B86171784E700A0FE35 /* Debug */,
				DCE80B87171784E700A0FE35 /* Release */,
			);
			defaultConfigurationIsVisible = 0;
			defaultConfigurationName = Release;
		};
		DCE80B88171784E700A0FE35 /* Build configuration list for PBXNativeTarget "VisionTrust" */ = {
			isa = XCConfigurationList;
			buildConfigurations = (
				DCE80B89171784E700A0FE35 /* Debug */,
				DCE80B8A171784E700A0FE35 /* Release */,
			);
			defaultConfigurationIsVisible = 0;
			defaultConfigurationName = Release;
		};
/* End XCConfigurationList section */

/* Begin XCVersionGroup section */
		DC6534BD171A3C5000785378 /* LoginModel.xcdatamodeld */ = {
			isa = XCVersionGroup;
			children = (
				DC6534BE171A3C5000785378 /* LoginModel.xcdatamodel */,
			);
			currentVersion = DC6534BE171A3C5000785378 /* LoginModel.xcdatamodel */;
			path = LoginModel.xcdatamodeld;
			sourceTree = "<group>";
			versionGroupType = wrapper.xcdatamodel;
		};
/* End XCVersionGroup section */
	};
	rootObject = DCE80B5A171784E700A0FE35 /* Project object */;
}
